
Microsoft Visual Studio Solution File, Format Version 12.00
# Visual Studio Version 16
VisualStudioVersion = 16.0.31911.196
MinimumVisualStudioVersion = 10.0.40219.1
Project("{FAE04EC0-301F-11D3-BF4B-00C04F79EFBC}") = "TCPClient", "TCPClient\TCPClient.csproj", "{C5443F14-0AC9-4B83-8187-1F8B5746ED0F}"
EndProject
Global
	GlobalSection(SolutionConfigurationPlatforms) = preSolution
		Debug|Any CPU = Debug|Any CPU
		Release|Any CPU = Release|Any CPU
	EndGlobalSection
	GlobalSection(ProjectConfigurationPlatforms) = postSolution
		{C5443F14-0AC9-4B83-8187-1F8B5746ED0F}.Debug|Any CPU.ActiveCfg = Debug|Any CPU
		{C5443F14-0AC9-4B83-8187-1F8B5746ED0F}.Debug|Any CPU.Build.0 = Debug|Any CPU
		{C5443F14-0AC9-4B83-8187-1F8B5746ED0F}.Release|Any CPU.ActiveCfg = Release|Any CPU
		{C5443F14-0AC9-4B83-8187-1F8B5746ED0F}.Release|Any CPU.Build.0 = Release|Any CPU
	EndGlobalSection
	GlobalSection(SolutionProperties) = preSolution
		HideSolutionNode = FALSE
	EndGlobalSection
	GlobalSection(ExtensibilityGlobals) = postSolution
		SolutionGuid = {99DA5DB4-F3DC-4749-9B84-D6B641AC0F6F}
	EndGlobalSection
EndGlobal
